
Microsoft Visual Studio Solution File, Format Version 12.00
# Visual Studio 15
VisualStudioVersion = 15.0.27703.2042
MinimumVisualStudioVersion = 10.0.40219.1
Project("{FAE04EC0-301F-11D3-BF4B-00C04F79EFBC}") = "MentorIdentity.DALL", "MentorIdentity.DALL\MentorIdentity.DALL.csproj", "{6A49A28B-4BD9-4A87-80B7-35469140F97B}"
EndProject
Project("{FAE04EC0-301F-11D3-BF4B-00C04F79EFBC}") = "MentorIdntity.BLL", "MentorIdntity.BLL\MentorIdntity.BLL.csproj", "{6EF306CD-87AB-440D-9512-870C0965795A}"
EndProject
Project("{FAE04EC0-301F-11D3-BF4B-00C04F79EFBC}") = "MentorIdentity.WebApp", "MentorIdentity.WebApp\MentorIdentity.WebApp.csproj", "{D09E5EBA-57DF-49D6-A525-D75ED5170FCD}"
EndProject
Global
	GlobalSection(SolutionConfigurationPlatforms) = preSolution
		Debug|Any CPU = Debug|Any CPU
		Release|Any CPU = Release|Any CPU
	EndGlobalSection
	GlobalSection(ProjectConfigurationPlatforms) = postSolution
		{6A49A28B-4BD9-4A87-80B7-35469140F97B}.Debug|Any CPU.ActiveCfg = Debug|Any CPU
		{6A49A28B-4BD9-4A87-80B7-35469140F97B}.Debug|Any CPU.Build.0 = Debug|Any CPU
		{6A49A28B-4BD9-4A87-80B7-35469140F97B}.Release|Any CPU.ActiveCfg = Release|Any CPU
		{6A49A28B-4BD9-4A87-80B7-35469140F97B}.Release|Any CPU.Build.0 = Release|Any CPU
		{6EF306CD-87AB-440D-9512-870C0965795A}.Debug|Any CPU.ActiveCfg = Debug|Any CPU
		{6EF306CD-87AB-440D-9512-870C0965795A}.Debug|Any CPU.Build.0 = Debug|Any CPU
		{6EF306CD-87AB-440D-9512-870C0965795A}.Release|Any CPU.ActiveCfg = Release|Any CPU
		{6EF306CD-87AB-440D-9512-870C0965795A}.Release|Any CPU.Build.0 = Release|Any CPU
		{D09E5EBA-57DF-49D6-A525-D75ED5170FCD}.Debug|Any CPU.ActiveCfg = Debug|Any CPU
		{D09E5EBA-57DF-49D6-A525-D75ED5170FCD}.Debug|Any CPU.Build.0 = Debug|Any CPU
		{D09E5EBA-57DF-49D6-A525-D75ED5170FCD}.Release|Any CPU.ActiveCfg = Release|Any CPU
		{D09E5EBA-57DF-49D6-A525-D75ED5170FCD}.Release|Any CPU.Build.0 = Release|Any CPU
	EndGlobalSection
	GlobalSection(SolutionProperties) = preSolution
		HideSolutionNode = FALSE
	EndGlobalSection
	GlobalSection(ExtensibilityGlobals) = postSolution
		SolutionGuid = {9A22C1B9-ABBE-4D53-8368-752B4451E709}
	EndGlobalSection
EndGlobal
